
Microsoft Visual Studio Solution File, Format Version 12.00
# Visual Studio Version 16
VisualStudioVersion = 16.0.30523.141
MinimumVisualStudioVersion = 10.0.40219.1
Project("{FAE04EC0-301F-11D3-BF4B-00C04F79EFBC}") = "Aula98Git03", "Aula98Git03\Aula98Git03.csproj", "{514C947A-AB61-4B0B-9D3C-E5D70A3EDD4B}"
EndProject
Global
	GlobalSection(SolutionConfigurationPlatforms) = preSolution
		Debug|Any CPU = Debug|Any CPU
		Release|Any CPU = Release|Any CPU
	EndGlobalSection
	GlobalSection(ProjectConfigurationPlatforms) = postSolution
		{514C947A-AB61-4B0B-9D3C-E5D70A3EDD4B}.Debug|Any CPU.ActiveCfg = Debug|Any CPU
		{514C947A-AB61-4B0B-9D3C-E5D70A3EDD4B}.Debug|Any CPU.Build.0 = Debug|Any CPU
		{514C947A-AB61-4B0B-9D3C-E5D70A3EDD4B}.Release|Any CPU.ActiveCfg = Release|Any CPU
		{514C947A-AB61-4B0B-9D3C-E5D70A3EDD4B}.Release|Any CPU.Build.0 = Release|Any CPU
	EndGlobalSection
	GlobalSection(SolutionProperties) = preSolution
		HideSolutionNode = FALSE
	EndGlobalSection
	GlobalSection(ExtensibilityGlobals) = postSolution
		SolutionGuid = {C3AACDA2-0974-40AA-ACA3-EA5C61B65207}
	EndGlobalSection
EndGlobal
